
Microsoft Visual Studio Solution File, Format Version 11.00
# Visual Studio 2010
Project("{8BC9CEB8-8B4A-11D0-8D11-00A0C91BC942}") = "3.4", "3.4\3.4.vcxproj", "{363C82D1-2815-4DD9-9ED6-83C60BF56224}"
EndProject
Global
	GlobalSection(SolutionConfigurationPlatforms) = preSolution
		Debug|Win32 = Debug|Win32
		Release|Win32 = Release|Win32
	EndGlobalSection
	GlobalSection(ProjectConfigurationPlatforms) = postSolution
		{363C82D1-2815-4DD9-9ED6-83C60BF56224}.Debug|Win32.ActiveCfg = Debug|Win32
		{363C82D1-2815-4DD9-9ED6-83C60BF56224}.Debug|Win32.Build.0 = Debug|Win32
		{363C82D1-2815-4DD9-9ED6-83C60BF56224}.Release|Win32.ActiveCfg = Release|Win32
		{363C82D1-2815-4DD9-9ED6-83C60BF56224}.Release|Win32.Build.0 = Release|Win32
	EndGlobalSection
	GlobalSection(SolutionProperties) = preSolution
		HideSolutionNode = FALSE
	EndGlobalSection
EndGlobal
